{
    "_meta": {
        "hash": {
            "sha256": "beef0415213eef630fd600843674be42641b36eef4881d361b96a189eaf0457d"
        },
        "pipfile-spec": 6,
        "requires": {
            "python_version": "3.6"
        },
        "sources": [
            {
                "name": "pypi",
                "url": "https://pypi.org/simple",
                "verify_ssl": true
            }
        ]
    },
    "default": {
        "base58": {
            "hashes": [
                "sha256:171a547b4a3c61e1ae3807224a6f7aec75e364c4395e7562649d7335768001a2",
                "sha256:8225891d501b68c843ffe30b86371f844a21c6ba00da76f52f9b998ba771fb48"
            ],
            "version": "==2.1.0"
        },
        "certifi": {
            "hashes": [
                "sha256:2bbf76fd432960138b3ef6dda3dde0544f27cbf8546c458e60baf371917ba9ee",
                "sha256:50b1e4f8446b06f41be7dd6338db18e0990601dce795c2b1686458aa7e8fa7d8"
            ],
            "version": "==2021.5.30"
        },
        "chardet": {
            "hashes": [
                "sha256:0d6f53a15db4120f2b08c94f11e7d93d2c911ee118b6b30a04ec3ee8310179fa",
                "sha256:f864054d66fd9118f2e67044ac8981a54775ec5b67aed0441892edb553d21da5"
            ],
            "version": "==4.0.0"
        },
        "idna": {
            "hashes": [
                "sha256:b307872f855b18632ce0c21c5e45be78c0ea7ae4c15c828c20788b26921eb3f6",
                "sha256:b97d804b1e9b523befed77c48dacec60e6dcb0b5391d57af6a65a312a90648c0"
            ],
            "version": "==2.10"
        },
        "importlib-resources": {
            "hashes": [
                "sha256:54161657e8ffc76596c4ede7080ca68cb02962a2e074a2586b695a93a925d36e",
                "sha256:e962bff7440364183203d179d7ae9ad90cb1f2b74dcb84300e88ecc42dca3351"
            ],
            "markers": "python_version < '3.7'",
            "version": "==5.1.4"
        },
        "ipfshttpclient": {
            "hashes": [
                "sha256:0d80e95ee60b02c7d414e79bf81a36fc3c8fbab74265475c52f70b2620812135",
                "sha256:ce6bac0e3963c4ced74d7eb6978125362bb05bbe219088ca48f369ce14d3cc39"
            ],
            "index": "pypi",
            "version": "==0.8.0a2"
        },
        "multiaddr": {
            "hashes": [
                "sha256:30b2695189edc3d5b90f1c303abb8f02d963a3a4edf2e7178b975eb417ab0ecf",
                "sha256:5c0f862cbcf19aada2a899f80ef896ddb2e85614e0c8f04dd287c06c69dac95b"
            ],
            "version": "==0.0.9"
        },
        "netaddr": {
            "hashes": [
                "sha256:9666d0232c32d2656e5e5f8d735f58fd6c7457ce52fc21c98d45f2af78f990ac",
                "sha256:d6cc57c7a07b1d9d2e917aa8b36ae8ce61c35ba3fcd1b83ca31c5a0ee2b5a243"
            ],
            "version": "==0.8.0"
        },
        "requests": {
            "hashes": [
                "sha256:27973dd4a904a4f13b263a19c866c13b92a39ed1c964655f025f3f8d3d75b804",
                "sha256:c210084e36a42ae6b9219e00e48287def368a26d03a048ddad7bfee44f75871e"
            ],
            "version": "==2.25.1"
        },
        "six": {
            "hashes": [
                "sha256:1e61c37477a1626458e36f7b1d82aa5c9b094fa4802892072e49de9c60c4c926",
                "sha256:8abb2f1d86890a2dfb989f9a77cfcfd3e47c2a354b01111771326f8aa26e0254"
            ],
            "version": "==1.16.0"
        },
        "urllib3": {
            "hashes": [
                "sha256:753a0374df26658f99d826cfe40394a686d05985786d946fbe4165b5148f5a7c",
                "sha256:a7acd0977125325f516bda9735fa7142b909a8d01e8b2e4c8108d0984e6e0098"
            ],
            "version": "==1.26.5"
        },
        "varint": {
            "hashes": [
                "sha256:a6ecc02377ac5ee9d65a6a8ad45c9ff1dac8ccee19400a5950fb51d594214ca5"
            ],
            "version": "==1.0.2"
        },
        "youtube-dl": {
            "hashes": [
                "sha256:263e04d53fb8ba3dfbd246ad09b7d388e896c132a20cc770c26ee7684de050ac",
                "sha256:cb2d3ee002158ede783e97a82c95f3817594df54367ea6a77ce5ceea4772f0ab"
            ],
            "index": "pypi",
            "version": "==2021.6.6"
        },
        "zipp": {
            "hashes": [
                "sha256:3607921face881ba3e026887d8150cca609d517579abe052ac81fc5aeffdbd76",
                "sha256:51cb66cc54621609dd593d1787f286ee42a5c0adbb4b29abea5a63edc3e03098"
            ],
            "markers": "python_version < '3.10'",
            "version": "==3.4.1"
        }
    },
    "develop": {}
}
